// !$*UTF8*$!
{
	archiveVersion = 1;
	classes = {
	};
	objectVersion = 77;
	objects = {

/* Begin PBXBuildFile section */
		59D1DE692FB8EEF900248161 /* Sparkle in Frameworks */ = {isa = PBXBuildFile; productRef = 59D1DE682FB8EEF900248161 /* Sparkle */; };
/* End PBXBuildFile section */

/* Begin PBXContainerItemProxy section */
		59E9E1DF2FB5BB210018A0B4 /* PBXContainerItemProxy */ = {
			isa = PBXContainerItemProxy;
			containerPortal = 59E9E1C52FB5BB1F0018A0B4 /* Project object */;
			proxyType = 1;
			remoteGlobalIDString = 59E9E1CC2FB5BB1F0018A0B4;
			remoteInfo = EditOS;
		};
		59E9E1E92FB5BB210018A0B4 /* PBXContainerItemProxy */ = {
			isa = PBXContainerItemProxy;
			containerPortal = 59E9E1C52FB5BB1F0018A0B4 /* Project object */;
			proxyType = 1;
			remoteGlobalIDString = 59E9E1CC2FB5BB1F0018A0B4;
			remoteInfo = EditOS;
		};
/* End PBXContainerItemProxy section */

/* Begin PBXFileReference section */
		59D1DD132FB8E2F300248161 /* ExportOptions.plist */ = {isa = PBXFileReference; lastKnownFileType = text.plist.xml; path = ExportOptions.plist; sourceTree = "<group>"; };
		59D1DD142FB8E2F300248161 /* release.sh */ = {isa = PBXFileReference; lastKnownFileType = text.script.sh; path = release.sh; sourceTree = "<group>"; };
		59D1DD182FB8E2FE00248161 /* ROADMAP.md */ = {isa = PBXFileReference; lastKnownFileType = net.daringfireball.markdown; path = ROADMAP.md; sourceTree = "<group>"; };
		59D1DE552FB8E67E00248161 /* DistributionSummary.plist */ = {isa = PBXFileReference; lastKnownFileType = text.plist.xml; path = DistributionSummary.plist; sourceTree = "<group>"; };
		59D1DE562FB8E67E00248161 /* EditOS.app */ = {isa = PBXFileReference; lastKnownFileType = wrapper.application; path = EditOS.app; sourceTree = "<group>"; };
		59D1DE572FB8E67E00248161 /* ExportOptions.plist */ = {isa = PBXFileReference; lastKnownFileType = text.plist.xml; path = ExportOptions.plist; sourceTree = "<group>"; };
		59D1DE582FB8E67E00248161 /* Packaging.log */ = {isa = PBXFileReference; lastKnownFileType = text; path = Packaging.log; sourceTree = "<group>"; };
		59D1DE5A2FB8E67E00248161 /* EditOS.xcarchive */ = {isa = PBXFileReference; lastKnownFileType = wrapper; path = EditOS.xcarchive; sourceTree = "<group>"; };
		59D1DE5B2FB8E67E00248161 /* EditOS-1.0.dmg */ = {isa = PBXFileReference; lastKnownFileType = file; path = "EditOS-1.0.dmg"; sourceTree = "<group>"; };
		59D1DE5C2FB8E67E00248161 /* EditOS-notary.zip */ = {isa = PBXFileReference; lastKnownFileType = archive.zip; path = "EditOS-notary.zip"; sourceTree = "<group>"; };
		59D1DE6C2FB8F11F00248161 /* appcast.xml */ = {isa = PBXFileReference; lastKnownFileType = text.xml; path = appcast.xml; sourceTree = "<group>"; };
		59E9E1CD2FB5BB1F0018A0B4 /* EditOS.app */ = {isa = PBXFileReference; explicitFileType = wrapper.application; includeInIndex = 0; path = EditOS.app; sourceTree = BUILT_PRODUCTS_DIR; };
		59E9E1DE2FB5BB210018A0B4 /* EditOSTests.xctest */ = {isa = PBXFileReference; explicitFileType = wrapper.cfbundle; includeInIndex = 0; path = EditOSTests.xctest; sourceTree = BUILT_PRODUCTS_DIR; };
		59E9E1E82FB5BB210018A0B4 /* EditOSUITests.xctest */ = {isa = PBXFileReference; explicitFileType = wrapper.cfbundle; includeInIndex = 0; path = EditOSUITests.xctest; sourceTree = BUILT_PRODUCTS_DIR; };
/* End PBXFileReference section */

/* Begin PBXFileSystemSynchronizedBuildFileExceptionSet section */
		59E9E1F02FB5BB210018A0B4 /* Exceptions for "EditOS" folder in "EditOS" target */ = {
			isa = PBXFileSystemSynchronizedBuildFileExceptionSet;
			membershipExceptions = (
				Info.plist,
			);
			target = 59E9E1CC2FB5BB1F0018A0B4 /* EditOS */;
		};
/* End PBXFileSystemSynchronizedBuildFileExceptionSet section */

/* Begin PBXFileSystemSynchronizedRootGroup section */
		59E9E1CF2FB5BB1F0018A0B4 /* EditOS */ = {
			isa = PBXFileSystemSynchronizedRootGroup;
			exceptions = (
				59E9E1F02FB5BB210018A0B4 /* Exceptions for "EditOS" folder in "EditOS" target */,
			);
			path = EditOS;
			sourceTree = "<group>";
		};
		59E9E1E12FB5BB210018A0B4 /* EditOSTests */ = {
			isa = PBXFileSystemSynchronizedRootGroup;
			path = EditOSTests;
			sourceTree = "<group>";
		};
		59E9E1EB2FB5BB210018A0B4 /* EditOSUITests */ = {
			isa = PBXFileSystemSynchronizedRootGroup;
			path = EditOSUITests;
			sourceTree = "<group>";
		};
/* End PBXFileSystemSynchronizedRootGroup section */

/* Begin PBXFrameworksBuildPhase section */
		59E9E1CA2FB5BB1F0018A0B4 /* Frameworks */ = {
			isa = PBXFrameworksBuildPhase;
			buildActionMask = 2147483647;
			files = (
				59D1DE692FB8EEF900248161 /* Sparkle in Frameworks */,
			);
			runOnlyForDeploymentPostprocessing = 0;
		};
		59E9E1DB2FB5BB210018A0B4 /* Frameworks */ = {
			isa = PBXFrameworksBuildPhase;
			buildActionMask = 2147483647;
			files = (
			);
			runOnlyForDeploymentPostprocessing = 0;
		};
		59E9E1E52FB5BB210018A0B4 /* Frameworks */ = {
			isa = PBXFrameworksBuildPhase;
			buildActionMask = 2147483647;
			files = (
			);
			runOnlyForDeploymentPostprocessing = 0;
		};
/* End PBXFrameworksBuildPhase section */

/* Begin PBXGroup section */
		59D1DD152FB8E2F300248161 /* scripts */ = {
			isa = PBXGroup;
			children = (
				59D1DD132FB8E2F300248161 /* ExportOptions.plist */,
				59D1DD142FB8E2F300248161 /* release.sh */,
			);
			path = scripts;
			sourceTree = "<group>";
		};
		59D1DD192FB8E2FE00248161 /* docs */ = {
			isa = PBXGroup;
			children = (
				59D1DD182FB8E2FE00248161 /* ROADMAP.md */,
				59D1DE6C2FB8F11F00248161 /* appcast.xml */,
			);
			path = docs;
			sourceTree = "<group>";
		};
		59D1DE592FB8E67E00248161 /* Export */ = {
			isa = PBXGroup;
			children = (
				59D1DE552FB8E67E00248161 /* DistributionSummary.plist */,
				59D1DE562FB8E67E00248161 /* EditOS.app */,
				59D1DE572FB8E67E00248161 /* ExportOptions.plist */,
				59D1DE582FB8E67E00248161 /* Packaging.log */,
			);
			path = Export;
			sourceTree = "<group>";
		};
		59D1DE5D2FB8E67E00248161 /* dist */ = {
			isa = PBXGroup;
			children = (
				59D1DE592FB8E67E00248161 /* Export */,
				59D1DE5A2FB8E67E00248161 /* EditOS.xcarchive */,
				59D1DE5B2FB8E67E00248161 /* EditOS-1.0.dmg */,
				59D1DE5C2FB8E67E00248161 /* EditOS-notary.zip */,
			);
			path = dist;
			sourceTree = "<group>";
		};
		59E9E1C42FB5BB1F0018A0B4 = {
			isa = PBXGroup;
			children = (
				59D1DE5D2FB8E67E00248161 /* dist */,
				59D1DD192FB8E2FE00248161 /* docs */,
				59D1DD152FB8E2F300248161 /* scripts */,
				59E9E1CF2FB5BB1F0018A0B4 /* EditOS */,
				59E9E1E12FB5BB210018A0B4 /* EditOSTests */,
				59E9E1EB2FB5BB210018A0B4 /* EditOSUITests */,
				59E9E1CE2FB5BB1F0018A0B4 /* Products */,
			);
			sourceTree = "<group>";
		};
		59E9E1CE2FB5BB1F0018A0B4 /* Products */ = {
			isa = PBXGroup;
			children = (
				59E9E1CD2FB5BB1F0018A0B4 /* EditOS.app */,
				59E9E1DE2FB5BB210018A0B4 /* EditOSTests.xctest */,
				59E9E1E82FB5BB210018A0B4 /* EditOSUITests.xctest */,
			);
			name = Products;
			sourceTree = "<group>";
		};
/* End PBXGroup section */

/* Begin PBXNativeTarget section */
		59E9E1CC2FB5BB1F0018A0B4 /* EditOS */ = {
			isa = PBXNativeTarget;
			buildConfigurationList = 59E9E1F12FB5BB210018A0B4 /* Build configuration list for PBXNativeTarget "EditOS" */;
			buildPhases = (
				59E9E1C92FB5BB1F0018A0B4 /* Sources */,
				59E9E1CA2FB5BB1F0018A0B4 /* Frameworks */,
				59E9E1CB2FB5BB1F0018A0B4 /* Resources */,
			);
			buildRules = (
			);
			dependencies = (
			);
			fileSystemSynchronizedGroups = (
				59E9E1CF2FB5BB1F0018A0B4 /* EditOS */,
			);
			name = EditOS;
			packageProductDependencies = (
				59D1DE682FB8EEF900248161 /* Sparkle */,
			);
			productName = EditOS;
			productReference = 59E9E1CD2FB5BB1F0018A0B4 /* EditOS.app */;
			productType = "com.apple.product-type.application";
		};
		59E9E1DD2FB5BB210018A0B4 /* EditOSTests */ = {
			isa = PBXNativeTarget;
			buildConfigurationList = 59E9E1F62FB5BB210018A0B4 /* Build configuration list for PBXNativeTarget "EditOSTests" */;
			buildPhases = (
				59E9E1DA2FB5BB210018A0B4 /* Sources */,
				59E9E1DB2FB5BB210018A0B4 /* Frameworks */,
				59E9E1DC2FB5BB210018A0B4 /* Resources */,
			);
			buildRules = (
			);
			dependencies = (
				59E9E1E02FB5BB210018A0B4 /* PBXTargetDependency */,
			);
			fileSystemSynchronizedGroups = (
				59E9E1E12FB5BB210018A0B4 /* EditOSTests */,
			);
			name = EditOSTests;
			packageProductDependencies = (
			);
			productName = EditOSTests;
			productReference = 59E9E1DE2FB5BB210018A0B4 /* EditOSTests.xctest */;
			productType = "com.apple.product-type.bundle.unit-test";
		};
		59E9E1E72FB5BB210018A0B4 /* EditOSUITests */ = {
			isa = PBXNativeTarget;
			buildConfigurationList = 59E9E1F92FB5BB210018A0B4 /* Build configuration list for PBXNativeTarget "EditOSUITests" */;
			buildPhases = (
				59E9E1E42FB5BB210018A0B4 /* Sources */,
				59E9E1E52FB5BB210018A0B4 /* Frameworks */,
				59E9E1E62FB5BB210018A0B4 /* Resources */,
			);
			buildRules = (
			);
			dependencies = (
				59E9E1EA2FB5BB210018A0B4 /* PBXTargetDependency */,
			);
			fileSystemSynchronizedGroups = (
				59E9E1EB2FB5BB210018A0B4 /* EditOSUITests */,
			);
			name = EditOSUITests;
			packageProductDependencies = (
			);
			productName = EditOSUITests;
			productReference = 59E9E1E82FB5BB210018A0B4 /* EditOSUITests.xctest */;
			productType = "com.apple.product-type.bundle.ui-testing";
		};
/* End PBXNativeTarget section */

/* Begin PBXProject section */
		59E9E1C52FB5BB1F0018A0B4 /* Project object */ = {
			isa = PBXProject;
			attributes = {
				BuildIndependentTargetsInParallel = 1;
				LastSwiftUpdateCheck = 2620;
				LastUpgradeCheck = 2620;
				TargetAttributes = {
					59E9E1CC2FB5BB1F0018A0B4 = {
						CreatedOnToolsVersion = 26.2;
					};
					59E9E1DD2FB5BB210018A0B4 = {
						CreatedOnToolsVersion = 26.2;
						TestTargetID = 59E9E1CC2FB5BB1F0018A0B4;
					};
					59E9E1E72FB5BB210018A0B4 = {
						CreatedOnToolsVersion = 26.2;
						TestTargetID = 59E9E1CC2FB5BB1F0018A0B4;
					};
				};
			};
			buildConfigurationList = 59E9E1C82FB5BB1F0018A0B4 /* Build configuration list for PBXProject "EditOS" */;
			developmentRegion = en;
			hasScannedForEncodings = 0;
			knownRegions = (
				en,
				Base,
			);
			mainGroup = 59E9E1C42FB5BB1F0018A0B4;
			minimizedProjectReferenceProxies = 1;
			packageReferences = (
				59D1DE672FB8EEF900248161 /* XCRemoteSwiftPackageReference "Sparkle" */,
			);
			preferredProjectObjectVersion = 77;
			productRefGroup = 59E9E1CE2FB5BB1F0018A0B4 /* Products */;
			projectDirPath = "";
			projectRoot = "";
			targets = (
				59E9E1CC2FB5BB1F0018A0B4 /* EditOS */,
				59E9E1DD2FB5BB210018A0B4 /* EditOSTests */,
				59E9E1E72FB5BB210018A0B4 /* EditOSUITests */,
			);
		};
/* End PBXProject section */

/* Begin PBXResourcesBuildPhase section */
		59E9E1CB2FB5BB1F0018A0B4 /* Resources */ = {
			isa = PBXResourcesBuildPhase;
			buildActionMask = 2147483647;
			files = (
			);
			runOnlyForDeploymentPostprocessing = 0;
		};
		59E9E1DC2FB5BB210018A0B4 /* Resources */ = {
			isa = PBXResourcesBuildPhase;
			buildActionMask = 2147483647;
			files = (
			);
			runOnlyForDeploymentPostprocessing = 0;
		};
		59E9E1E62FB5BB210018A0B4 /* Resources */ = {
			isa = PBXResourcesBuildPhase;
			buildActionMask = 2147483647;
			files = (
			);
			runOnlyForDeploymentPostprocessing = 0;
		};
/* End PBXResourcesBuildPhase section */

/* Begin PBXSourcesBuildPhase section */
		59E9E1C92FB5BB1F0018A0B4 /* Sources */ = {
			isa = PBXSourcesBuildPhase;
			buildActionMask = 2147483647;
			files = (
			);
			runOnlyForDeploymentPostprocessing = 0;
		};
		59E9E1DA2FB5BB210018A0B4 /* Sources */ = {
			isa = PBXSourcesBuildPhase;
			buildActionMask = 2147483647;
			files = (
			);
			runOnlyForDeploymentPostprocessing = 0;
		};
		59E9E1E42FB5BB210018A0B4 /* Sources */ = {
			isa = PBXSourcesBuildPhase;
			buildActionMask = 2147483647;
			files = (
			);
			runOnlyForDeploymentPostprocessing = 0;
		};
/* End PBXSourcesBuildPhase section */

/* Begin PBXTargetDependency section */
		59E9E1E02FB5BB210018A0B4 /* PBXTargetDependency */ = {
			isa = PBXTargetDependency;
			target = 59E9E1CC2FB5BB1F0018A0B4 /* EditOS */;
			targetProxy = 59E9E1DF2FB5BB210018A0B4 /* PBXContainerItemProxy */;
		};
		59E9E1EA2FB5BB210018A0B4 /* PBXTargetDependency */ = {
			isa = PBXTargetDependency;
			target = 59E9E1CC2FB5BB1F0018A0B4 /* EditOS */;
			targetProxy = 59E9E1E92FB5BB210018A0B4 /* PBXContainerItemProxy */;
		};
/* End PBXTargetDependency section */

/* Begin XCBuildConfiguration section */
		59E9E1F22FB5BB210018A0B4 /* Debug */ = {
			isa = XCBuildConfiguration;
			buildSettings = {
				ASSETCATALOG_COMPILER_APPICON_NAME = AppIcon;
				ASSETCATALOG_COMPILER_GLOBAL_ACCENT_COLOR_NAME = AccentColor;
				CODE_SIGN_ENTITLEMENTS = EditOS/EditOS.entitlements;
				CODE_SIGN_STYLE = Automatic;
				CURRENT_PROJECT_VERSION = 3;
				DEVELOPMENT_TEAM = 6MBTU33NGM;
				ENABLE_APP_SANDBOX = YES;
				ENABLE_FILE_ACCESS_MOVIES_FOLDER = readwrite;
				ENABLE_HARDENED_RUNTIME = YES;
				ENABLE_OUTGOING_NETWORK_CONNECTIONS = YES;
				ENABLE_PREVIEWS = YES;
				ENABLE_RESOURCE_ACCESS_AUDIO_INPUT = YES;
				ENABLE_USER_SELECTED_FILES = readwrite;
				GENERATE_INFOPLIST_FILE = YES;
				INFOPLIST_FILE = EditOS/Info.plist;
				INFOPLIST_KEY_NSMicrophoneUsageDescription = "EditOS uses the microphone to record voiceovers for your projects.";
				INFOPLIST_KEY_NSSpeechRecognitionUsageDescription = "EditOS uses speech recognition to auto-generate captions from your audio.";
				"INFOPLIST_KEY_UIApplicationSceneManifest_Generation[sdk=iphoneos*]" = YES;
				"INFOPLIST_KEY_UIApplicationSceneManifest_Generation[sdk=iphonesimulator*]" = YES;
				"INFOPLIST_KEY_UIApplicationSupportsIndirectInputEvents[sdk=iphoneos*]" = YES;
				"INFOPLIST_KEY_UIApplicationSupportsIndirectInputEvents[sdk=iphonesimulator*]" = YES;
				"INFOPLIST_KEY_UILaunchScreen_Generation[sdk=iphoneos*]" = YES;
				"INFOPLIST_KEY_UILaunchScreen_Generation[sdk=iphonesimulator*]" = YES;
				"INFOPLIST_KEY_UIStatusBarStyle[sdk=iphoneos*]" = UIStatusBarStyleDefault;
				"INFOPLIST_KEY_UIStatusBarStyle[sdk=iphonesimulator*]" = UIStatusBarStyleDefault;
				INFOPLIST_KEY_UISupportedInterfaceOrientations_iPad = "UIInterfaceOrientationPortrait UIInterfaceOrientationPortraitUpsideDown UIInterfaceOrientationLandscapeLeft UIInterfaceOrientationLandscapeRight";
				INFOPLIST_KEY_UISupportedInterfaceOrientations_iPhone = "UIInterfaceOrientationPortrait UIInterfaceOrientationLandscapeLeft UIInterfaceOrientationLandscapeRight";
				IPHONEOS_DEPLOYMENT_TARGET = 26.2;
				LD_RUNPATH_SEARCH_PATHS = "@executable_path/Frameworks";
				"LD_RUNPATH_SEARCH_PATHS[sdk=macosx*]" = "@executable_path/../Frameworks";
				MACOSX_DEPLOYMENT_TARGET = 26.2;
				MARKETING_VERSION = 1.2;
				PRODUCT_BUNDLE_IDENTIFIER = com.damioffice.EditOS;
				PRODUCT_NAME = "$(TARGET_NAME)";
				REGISTER_APP_GROUPS = YES;
				SDKROOT = auto;
				STRING_CATALOG_GENERATE_SYMBOLS = YES;
				SUPPORTED_PLATFORMS = macosx;
				SUPPORTS_MACCATALYST = NO;
				SWIFT_APPROACHABLE_CONCURRENCY = YES;
				SWIFT_DEFAULT_ACTOR_ISOLATION = MainActor;
				SWIFT_EMIT_LOC_STRINGS = YES;
				SWIFT_UPCOMING_FEATURE_MEMBER_IMPORT_VISIBILITY = YES;
				SWIFT_VERSION = 5.0;
				XROS_DEPLOYMENT_TARGET = 26.2;
			};
			name = Debug;
		};
		59E9E1F32FB5BB210018A0B4 /* Release */ = {
			isa = XCBuildConfiguration;
			buildSettings = {
				ASSETCATALOG_COMPILER_APPICON_NAME = AppIcon;
				ASSETCATALOG_COMPILER_GLOBAL_ACCENT_COLOR_NAME = AccentColor;
				CODE_SIGN_ENTITLEMENTS = EditOS/EditOS.entitlements;
				CODE_SIGN_STYLE = Automatic;
				CURRENT_PROJECT_VERSION = 3;
				DEVELOPMENT_TEAM = 6MBTU33NGM;
				ENABLE_APP_SANDBOX = YES;
				ENABLE_FILE_ACCESS_MOVIES_FOLDER = readwrite;
				ENABLE_HARDENED_RUNTIME = YES;
				ENABLE_OUTGOING_NETWORK_CONNECTIONS = YES;
				ENABLE_PREVIEWS = YES;
				ENABLE_RESOURCE_ACCESS_AUDIO_INPUT = YES;
				ENABLE_USER_SELECTED_FILES = readwrite;
				GENERATE_INFOPLIST_FILE = YES;
				INFOPLIST_FILE = EditOS/Info.plist;
				INFOPLIST_KEY_NSMicrophoneUsageDescription = "EditOS uses the microphone to record voiceovers for your projects.";
				INFOPLIST_KEY_NSSpeechRecognitionUsageDescription = "EditOS uses speech recognition to auto-generate captions from your audio.";
				"INFOPLIST_KEY_UIApplicationSceneManifest_Generation[sdk=iphoneos*]" = YES;
				"INFOPLIST_KEY_UIApplicationSceneManifest_Generation[sdk=iphonesimulator*]" = YES;
				"INFOPLIST_KEY_UIApplicationSupportsIndirectInputEvents[sdk=iphoneos*]" = YES;
				"INFOPLIST_KEY_UIApplicationSupportsIndirectInputEvents[sdk=iphonesimulator*]" = YES;
				"INFOPLIST_KEY_UILaunchScreen_Generation[sdk=iphoneos*]" = YES;
				"INFOPLIST_KEY_UILaunchScreen_Generation[sdk=iphonesimulator*]" = YES;
				"INFOPLIST_KEY_UIStatusBarStyle[sdk=iphoneos*]" = UIStatusBarStyleDefault;
				"INFOPLIST_KEY_UIStatusBarStyle[sdk=iphonesimulator*]" = UIStatusBarStyleDefault;
				INFOPLIST_KEY_UISupportedInterfaceOrientations_iPad = "UIInterfaceOrientationPortrait UIInterfaceOrientationPortraitUpsideDown UIInterfaceOrientationLandscapeLeft UIInterfaceOrientationLandscapeRight";
				INFOPLIST_KEY_UISupportedInterfaceOrientations_iPhone = "UIInterfaceOrientationPortrait UIInterfaceOrientationLandscapeLeft UIInterfaceOrientationLandscapeRight";
				IPHONEOS_DEPLOYMENT_TARGET = 26.2;
				LD_RUNPATH_SEARCH_PATHS = "@executable_path/Frameworks";
				"LD_RUNPATH_SEARCH_PATHS[sdk=macosx*]" = "@executable_path/../Frameworks";
				MACOSX_DEPLOYMENT_TARGET = 26.2;
				MARKETING_VERSION = 1.2;
				PRODUCT_BUNDLE_IDENTIFIER = com.damioffice.EditOS;
				PRODUCT_NAME = "$(TARGET_NAME)";
				REGISTER_APP_GROUPS = YES;
				SDKROOT = auto;
				STRING_CATALOG_GENERATE_SYMBOLS = YES;
				SUPPORTED_PLATFORMS = macosx;
				SUPPORTS_MACCATALYST = NO;
				SWIFT_APPROACHABLE_CONCURRENCY = YES;
				SWIFT_DEFAULT_ACTOR_ISOLATION = MainActor;
				SWIFT_EMIT_LOC_STRINGS = YES;
				SWIFT_UPCOMING_FEATURE_MEMBER_IMPORT_VISIBILITY = YES;
				SWIFT_VERSION = 5.0;
				XROS_DEPLOYMENT_TARGET = 26.2;
			};
			name = Release;
		};
		59E9E1F42FB5BB210018A0B4 /* Debug */ = {
			isa = XCBuildConfiguration;
			buildSettings = {
				ALWAYS_SEARCH_USER_PATHS = NO;
				ASSETCATALOG_COMPILER_GENERATE_SWIFT_ASSET_SYMBOL_EXTENSIONS = YES;
				CLANG_ANALYZER_NONNULL = YES;
				CLANG_ANALYZER_NUMBER_OBJECT_CONVERSION = YES_AGGRESSIVE;
				CLANG_CXX_LANGUAGE_STANDARD = "gnu++20";
				CLANG_ENABLE_MODULES = YES;
				CLANG_ENABLE_OBJC_ARC = YES;
				CLANG_ENABLE_OBJC_WEAK = YES;
				CLANG_WARN_BLOCK_CAPTURE_AUTORELEASING = YES;
				CLANG_WARN_BOOL_CONVERSION = YES;
				CLANG_WARN_COMMA = YES;
				CLANG_WARN_CONSTANT_CONVERSION = YES;
				CLANG_WARN_DEPRECATED_OBJC_IMPLEMENTATIONS = YES;
				CLANG_WARN_DIRECT_OBJC_ISA_USAGE = YES_ERROR;
				CLANG_WARN_DOCUMENTATION_COMMENTS = YES;
				CLANG_WARN_EMPTY_BODY = YES;
				CLANG_WARN_ENUM_CONVERSION = YES;
				CLANG_WARN_INFINITE_RECURSION = YES;
				CLANG_WARN_INT_CONVERSION = YES;
				CLANG_WARN_NON_LITERAL_NULL_CONVERSION = YES;
				CLANG_WARN_OBJC_IMPLICIT_RETAIN_SELF = YES;
				CLANG_WARN_OBJC_LITERAL_CONVERSION = YES;
				CLANG_WARN_OBJC_ROOT_CLASS = YES_ERROR;
				CLANG_WARN_QUOTED_INCLUDE_IN_FRAMEWORK_HEADER = YES;
				CLANG_WARN_RANGE_LOOP_ANALYSIS = YES;
				CLANG_WARN_STRICT_PROTOTYPES = YES;
				CLANG_WARN_SUSPICIOUS_MOVE = YES;
				CLANG_WARN_UNGUARDED_AVAILABILITY = YES_AGGRESSIVE;
				CLANG_WARN_UNREACHABLE_CODE = YES;
				CLANG_WARN__DUPLICATE_METHOD_MATCH = YES;
				COPY_PHASE_STRIP = NO;
				DEBUG_INFORMATION_FORMAT = dwarf;
				DEVELOPMENT_TEAM = 6MBTU33NGM;
				ENABLE_STRICT_OBJC_MSGSEND = YES;
				ENABLE_TESTABILITY = YES;
				ENABLE_USER_SCRIPT_SANDBOXING = YES;
				GCC_C_LANGUAGE_STANDARD = gnu17;
				GCC_DYNAMIC_NO_PIC = NO;
				GCC_NO_COMMON_BLOCKS = YES;
				GCC_OPTIMIZATION_LEVEL = 0;
				GCC_PREPROCESSOR_DEFINITIONS = (
					"DEBUG=1",
					"$(inherited)",
				);
				GCC_WARN_64_TO_32_BIT_CONVERSION = YES;
				GCC_WARN_ABOUT_RETURN_TYPE = YES_ERROR;
				GCC_WARN_UNDECLARED_SELECTOR = YES;
				GCC_WARN_UNINITIALIZED_AUTOS = YES_AGGRESSIVE;
				GCC_WARN_UNUSED_FUNCTION = YES;
				GCC_WARN_UNUSED_VARIABLE = YES;
				LOCALIZATION_PREFERS_STRING_CATALOGS = YES;
				MTL_ENABLE_DEBUG_INFO = INCLUDE_SOURCE;
				MTL_FAST_MATH = YES;
				ONLY_ACTIVE_ARCH = YES;
				SWIFT_ACTIVE_COMPILATION_CONDITIONS = "DEBUG $(inherited)";
				SWIFT_OPTIMIZATION_LEVEL = "-Onone";
			};
			name = Debug;
		};
		59E9E1F52FB5BB210018A0B4 /* Release */ = {
			isa = XCBuildConfiguration;
			buildSettings = {
				ALWAYS_SEARCH_USER_PATHS = NO;
				ASSETCATALOG_COMPILER_GENERATE_SWIFT_ASSET_SYMBOL_EXTENSIONS = YES;
				CLANG_ANALYZER_NONNULL = YES;
				CLANG_ANALYZER_NUMBER_OBJECT_CONVERSION = YES_AGGRESSIVE;
				CLANG_CXX_LANGUAGE_STANDARD = "gnu++20";
				CLANG_ENABLE_MODULES = YES;
				CLANG_ENABLE_OBJC_ARC = YES;
				CLANG_ENABLE_OBJC_WEAK = YES;
				CLANG_WARN_BLOCK_CAPTURE_AUTORELEASING = YES;
				CLANG_WARN_BOOL_CONVERSION = YES;
				CLANG_WARN_COMMA = YES;
				CLANG_WARN_CONSTANT_CONVERSION = YES;
				CLANG_WARN_DEPRECATED_OBJC_IMPLEMENTATIONS = YES;
				CLANG_WARN_DIRECT_OBJC_ISA_USAGE = YES_ERROR;
				CLANG_WARN_DOCUMENTATION_COMMENTS = YES;
				CLANG_WARN_EMPTY_BODY = YES;
				CLANG_WARN_ENUM_CONVERSION = YES;
				CLANG_WARN_INFINITE_RECURSION = YES;
				CLANG_WARN_INT_CONVERSION = YES;
				CLANG_WARN_NON_LITERAL_NULL_CONVERSION = YES;
				CLANG_WARN_OBJC_IMPLICIT_RETAIN_SELF = YES;
				CLANG_WARN_OBJC_LITERAL_CONVERSION = YES;
				CLANG_WARN_OBJC_ROOT_CLASS = YES_ERROR;
				CLANG_WARN_QUOTED_INCLUDE_IN_FRAMEWORK_HEADER = YES;
				CLANG_WARN_RANGE_LOOP_ANALYSIS = YES;
				CLANG_WARN_STRICT_PROTOTYPES = YES;
				CLANG_WARN_SUSPICIOUS_MOVE = YES;
				CLANG_WARN_UNGUARDED_AVAILABILITY = YES_AGGRESSIVE;
				CLANG_WARN_UNREACHABLE_CODE = YES;
				CLANG_WARN__DUPLICATE_METHOD_MATCH = YES;
				COPY_PHASE_STRIP = NO;
				DEBUG_INFORMATION_FORMAT = "dwarf-with-dsym";
				DEVELOPMENT_TEAM = 6MBTU33NGM;
				ENABLE_NS_ASSERTIONS = NO;
				ENABLE_STRICT_OBJC_MSGSEND = YES;
				ENABLE_USER_SCRIPT_SANDBOXING = YES;
				GCC_C_LANGUAGE_STANDARD = gnu17;
				GCC_NO_COMMON_BLOCKS = YES;
				GCC_WARN_64_TO_32_BIT_CONVERSION = YES;
				GCC_WARN_ABOUT_RETURN_TYPE = YES_ERROR;
				GCC_WARN_UNDECLARED_SELECTOR = YES;
				GCC_WARN_UNINITIALIZED_AUTOS = YES_AGGRESSIVE;
				GCC_WARN_UNUSED_FUNCTION = YES;
				GCC_WARN_UNUSED_VARIABLE = YES;
				LOCALIZATION_PREFERS_STRING_CATALOGS = YES;
				MTL_ENABLE_DEBUG_INFO = NO;
				MTL_FAST_MATH = YES;
				SWIFT_COMPILATION_MODE = wholemodule;
			};
			name = Release;
		};
		59E9E1F72FB5BB210018A0B4 /* Debug */ = {
			isa = XCBuildConfiguration;
			buildSettings = {
				BUNDLE_LOADER = "$(TEST_HOST)";
				CODE_SIGN_STYLE = Automatic;
				CURRENT_PROJECT_VERSION = 3;
				DEVELOPMENT_TEAM = 6MBTU33NGM;
				GENERATE_INFOPLIST_FILE = YES;
				IPHONEOS_DEPLOYMENT_TARGET = 26.2;
				MACOSX_DEPLOYMENT_TARGET = 26.2;
				MARKETING_VERSION = 1.2;
				PRODUCT_BUNDLE_IDENTIFIER = com.damioffice.EditOSTests;
				PRODUCT_NAME = "$(TARGET_NAME)";
				SDKROOT = auto;
				STRING_CATALOG_GENERATE_SYMBOLS = NO;
				SUPPORTED_PLATFORMS = "iphoneos iphonesimulator macosx xros xrsimulator";
				SWIFT_APPROACHABLE_CONCURRENCY = YES;
				SWIFT_EMIT_LOC_STRINGS = NO;
				SWIFT_UPCOMING_FEATURE_MEMBER_IMPORT_VISIBILITY = YES;
				SWIFT_VERSION = 5.0;
				TARGETED_DEVICE_FAMILY = "1,2,7";
				TEST_HOST = "$(BUILT_PRODUCTS_DIR)/EditOS.app/$(BUNDLE_EXECUTABLE_FOLDER_PATH)/EditOS";
				XROS_DEPLOYMENT_TARGET = 26.2;
			};
			name = Debug;
		};
		59E9E1F82FB5BB210018A0B4 /* Release */ = {
			isa = XCBuildConfiguration;
			buildSettings = {
				BUNDLE_LOADER = "$(TEST_HOST)";
				CODE_SIGN_STYLE = Automatic;
				CURRENT_PROJECT_VERSION = 3;
				DEVELOPMENT_TEAM = 6MBTU33NGM;
				GENERATE_INFOPLIST_FILE = YES;
				IPHONEOS_DEPLOYMENT_TARGET = 26.2;
				MACOSX_DEPLOYMENT_TARGET = 26.2;
				MARKETING_VERSION = 1.2;
				PRODUCT_BUNDLE_IDENTIFIER = com.damioffice.EditOSTests;
				PRODUCT_NAME = "$(TARGET_NAME)";
				SDKROOT = auto;
				STRING_CATALOG_GENERATE_SYMBOLS = NO;
				SUPPORTED_PLATFORMS = "iphoneos iphonesimulator macosx xros xrsimulator";
				SWIFT_APPROACHABLE_CONCURRENCY = YES;
				SWIFT_EMIT_LOC_STRINGS = NO;
				SWIFT_UPCOMING_FEATURE_MEMBER_IMPORT_VISIBILITY = YES;
				SWIFT_VERSION = 5.0;
				TARGETED_DEVICE_FAMILY = "1,2,7";
				TEST_HOST = "$(BUILT_PRODUCTS_DIR)/EditOS.app/$(BUNDLE_EXECUTABLE_FOLDER_PATH)/EditOS";
				XROS_DEPLOYMENT_TARGET = 26.2;
			};
			name = Release;
		};
		59E9E1FA2FB5BB210018A0B4 /* Debug */ = {
			isa = XCBuildConfiguration;
			buildSettings = {
				CODE_SIGN_STYLE = Automatic;
				CURRENT_PROJECT_VERSION = 3;
				DEVELOPMENT_TEAM = 6MBTU33NGM;
				GENERATE_INFOPLIST_FILE = YES;
				IPHONEOS_DEPLOYMENT_TARGET = 26.2;
				MACOSX_DEPLOYMENT_TARGET = 26.2;
				MARKETING_VERSION = 1.2;
				PRODUCT_BUNDLE_IDENTIFIER = com.damioffice.EditOSUITests;
				PRODUCT_NAME = "$(TARGET_NAME)";
				SDKROOT = auto;
				STRING_CATALOG_GENERATE_SYMBOLS = NO;
				SUPPORTED_PLATFORMS = "iphoneos iphonesimulator macosx xros xrsimulator";
				SWIFT_APPROACHABLE_CONCURRENCY = YES;
				SWIFT_EMIT_LOC_STRINGS = NO;
				SWIFT_UPCOMING_FEATURE_MEMBER_IMPORT_VISIBILITY = YES;
				SWIFT_VERSION = 5.0;
				TARGETED_DEVICE_FAMILY = "1,2,7";
				TEST_TARGET_NAME = EditOS;
				XROS_DEPLOYMENT_TARGET = 26.2;
			};
			name = Debug;
		};
		59E9E1FB2FB5BB210018A0B4 /* Release */ = {
			isa = XCBuildConfiguration;
			buildSettings = {
				CODE_SIGN_STYLE = Automatic;
				CURRENT_PROJECT_VERSION = 3;
				DEVELOPMENT_TEAM = 6MBTU33NGM;
				GENERATE_INFOPLIST_FILE = YES;
				IPHONEOS_DEPLOYMENT_TARGET = 26.2;
				MACOSX_DEPLOYMENT_TARGET = 26.2;
				MARKETING_VERSION = 1.2;
				PRODUCT_BUNDLE_IDENTIFIER = com.damioffice.EditOSUITests;
				PRODUCT_NAME = "$(TARGET_NAME)";
				SDKROOT = auto;
				STRING_CATALOG_GENERATE_SYMBOLS = NO;
				SUPPORTED_PLATFORMS = "iphoneos iphonesimulator macosx xros xrsimulator";
				SWIFT_APPROACHABLE_CONCURRENCY = YES;
				SWIFT_EMIT_LOC_STRINGS = NO;
				SWIFT_UPCOMING_FEATURE_MEMBER_IMPORT_VISIBILITY = YES;
				SWIFT_VERSION = 5.0;
				TARGETED_DEVICE_FAMILY = "1,2,7";
				TEST_TARGET_NAME = EditOS;
				XROS_DEPLOYMENT_TARGET = 26.2;
			};
			name = Release;
		};
/* End XCBuildConfiguration section */

/* Begin XCConfigurationList section */
		59E9E1C82FB5BB1F0018A0B4 /* Build configuration list for PBXProject "EditOS" */ = {
			isa = XCConfigurationList;
			buildConfigurations = (
				59E9E1F42FB5BB210018A0B4 /* Debug */,
				59E9E1F52FB5BB210018A0B4 /* Release */,
			);
			defaultConfigurationIsVisible = 0;
			defaultConfigurationName = Release;
		};
		59E9E1F12FB5BB210018A0B4 /* Build configuration list for PBXNativeTarget "EditOS" */ = {
			isa = XCConfigurationList;
			buildConfigurations = (
				59E9E1F22FB5BB210018A0B4 /* Debug */,
				59E9E1F32FB5BB210018A0B4 /* Release */,
			);
			defaultConfigurationIsVisible = 0;
			defaultConfigurationName = Release;
		};
		59E9E1F62FB5BB210018A0B4 /* Build configuration list for PBXNativeTarget "EditOSTests" */ = {
			isa = XCConfigurationList;
			buildConfigurations = (
				59E9E1F72FB5BB210018A0B4 /* Debug */,
				59E9E1F82FB5BB210018A0B4 /* Release */,
			);
			defaultConfigurationIsVisible = 0;
			defaultConfigurationName = Release;
		};
		59E9E1F92FB5BB210018A0B4 /* Build configuration list for PBXNativeTarget "EditOSUITests" */ = {
			isa = XCConfigurationList;
			buildConfigurations = (
				59E9E1FA2FB5BB210018A0B4 /* Debug */,
				59E9E1FB2FB5BB210018A0B4 /* Release */,
			);
			defaultConfigurationIsVisible = 0;
			defaultConfigurationName = Release;
		};
/* End XCConfigurationList section */

/* Begin XCRemoteSwiftPackageReference section */
		59D1DE672FB8EEF900248161 /* XCRemoteSwiftPackageReference "Sparkle" */ = {
			isa = XCRemoteSwiftPackageReference;
			repositoryURL = "https://github.com/sparkle-project/Sparkle";
			requirement = {
				kind = upToNextMajorVersion;
				minimumVersion = 2.9.1;
			};
		};
/* End XCRemoteSwiftPackageReference section */

/* Begin XCSwiftPackageProductDependency section */
		59D1DE682FB8EEF900248161 /* Sparkle */ = {
			isa = XCSwiftPackageProductDependency;
			package = 59D1DE672FB8EEF900248161 /* XCRemoteSwiftPackageReference "Sparkle" */;
			productName = Sparkle;
		};
/* End XCSwiftPackageProductDependency section */
	};
	rootObject = 59E9E1C52FB5BB1F0018A0B4 /* Project object */;
}
